
Microsoft Visual Studio Solution File, Format Version 12.00
# Visual Studio 15
Project("{FAE04EC0-301F-11D3-BF4B-00C04F79EFBC}") = "Assembly-CSharp", "Assembly-CSharp.csproj", "{CC430CC2-BB15-F62D-973E-BD7E56679548}"
EndProject
Project("{FAE04EC0-301F-11D3-BF4B-00C04F79EFBC}") = "Assembly-CSharp-Editor", "Assembly-CSharp-Editor.csproj", "{631EA826-1F74-A541-7A27-2F7252EA55DB}"
EndProject
Project("{FAE04EC0-301F-11D3-BF4B-00C04F79EFBC}") = "Assembly-CSharp-firstpass", "Assembly-CSharp-firstpass.csproj", "{A3C27329-A3DD-E097-7533-35D8FDF0E156}"
EndProject
Global
	GlobalSection(SolutionConfigurationPlatforms) = preSolution
		Debug|Any CPU = Debug|Any CPU
		Release|Any CPU = Release|Any CPU
	EndGlobalSection
	GlobalSection(ProjectConfigurationPlatforms) = postSolution
		{CC430CC2-BB15-F62D-973E-BD7E56679548}.Debug|Any CPU.ActiveCfg = Debug|Any CPU
		{CC430CC2-BB15-F62D-973E-BD7E56679548}.Debug|Any CPU.Build.0 = Debug|Any CPU
		{CC430CC2-BB15-F62D-973E-BD7E56679548}.Release|Any CPU.ActiveCfg = Release|Any CPU
		{CC430CC2-BB15-F62D-973E-BD7E56679548}.Release|Any CPU.Build.0 = Release|Any CPU
		{631EA826-1F74-A541-7A27-2F7252EA55DB}.Debug|Any CPU.ActiveCfg = Debug|Any CPU
		{631EA826-1F74-A541-7A27-2F7252EA55DB}.Debug|Any CPU.Build.0 = Debug|Any CPU
		{631EA826-1F74-A541-7A27-2F7252EA55DB}.Release|Any CPU.ActiveCfg = Release|Any CPU
		{631EA826-1F74-A541-7A27-2F7252EA55DB}.Release|Any CPU.Build.0 = Release|Any CPU
		{A3C27329-A3DD-E097-7533-35D8FDF0E156}.Debug|Any CPU.ActiveCfg = Debug|Any CPU
		{A3C27329-A3DD-E097-7533-35D8FDF0E156}.Debug|Any CPU.Build.0 = Debug|Any CPU
		{A3C27329-A3DD-E097-7533-35D8FDF0E156}.Release|Any CPU.ActiveCfg = Release|Any CPU
		{A3C27329-A3DD-E097-7533-35D8FDF0E156}.Release|Any CPU.Build.0 = Release|Any CPU
	EndGlobalSection
	GlobalSection(SolutionProperties) = preSolution
		HideSolutionNode = FALSE
	EndGlobalSection
EndGlobal
