
Microsoft Visual Studio Solution File, Format Version 12.00
# Visual Studio 15
Project("{FAE04EC0-301F-11D3-BF4B-00C04F79EFBC}") = "Google.Play.Review", "Google.Play.Review.csproj", "{2808D92F-07BC-F8EA-EA83-EC1FC447B2A7}"
EndProject
Project("{FAE04EC0-301F-11D3-BF4B-00C04F79EFBC}") = "Google.Play.AssetDelivery", "Google.Play.AssetDelivery.csproj", "{00468225-EE80-9C68-913D-AFFD342850CF}"
EndProject
Project("{FAE04EC0-301F-11D3-BF4B-00C04F79EFBC}") = "Assembly-CSharp", "Assembly-CSharp.csproj", "{4058FCB8-7DD3-50C2-67A2-8157EB3A8F87}"
EndProject
Project("{FAE04EC0-301F-11D3-BF4B-00C04F79EFBC}") = "Google.Play.Instant", "Google.Play.Instant.csproj", "{9F6E1186-0D55-C060-3600-8A56BF319489}"
EndProject
Project("{FAE04EC0-301F-11D3-BF4B-00C04F79EFBC}") = "Google.Play.AppUpdate", "Google.Play.AppUpdate.csproj", "{EF147589-820C-1033-8239-632AB11CD9F4}"
EndProject
Project("{FAE04EC0-301F-11D3-BF4B-00C04F79EFBC}") = "Google.Play.Core", "Google.Play.Core.csproj", "{E167B5B9-8DB2-9CF6-F693-0A9D76C9E4A1}"
EndProject
Project("{FAE04EC0-301F-11D3-BF4B-00C04F79EFBC}") = "Google.Play.Common", "Google.Play.Common.csproj", "{FBDAD263-8E49-6BF8-102D-DE0FFADB6CE0}"
EndProject
Project("{FAE04EC0-301F-11D3-BF4B-00C04F79EFBC}") = "Google.Android.AppBundle.Editor", "Google.Android.AppBundle.Editor.csproj", "{D3F6623C-5181-B91C-F6F6-7D3DC1757820}"
EndProject
Project("{FAE04EC0-301F-11D3-BF4B-00C04F79EFBC}") = "GoogleMobileAds.Editor", "GoogleMobileAds.Editor.csproj", "{862FA8C1-FC73-8E7E-1184-209C2409FC1F}"
EndProject
Project("{FAE04EC0-301F-11D3-BF4B-00C04F79EFBC}") = "Google.Play.Instant.Editor", "Google.Play.Instant.Editor.csproj", "{38FBEFE7-F9D4-432D-E3F2-965952DF8CDE}"
EndProject
Project("{FAE04EC0-301F-11D3-BF4B-00C04F79EFBC}") = "Assembly-CSharp-Editor", "Assembly-CSharp-Editor.csproj", "{4FA55054-F362-80A2-6F17-693741D29526}"
EndProject
Global
	GlobalSection(SolutionConfigurationPlatforms) = preSolution
		Debug|Any CPU = Debug|Any CPU
		Release|Any CPU = Release|Any CPU
	EndGlobalSection
	GlobalSection(ProjectConfigurationPlatforms) = postSolution
		{2808D92F-07BC-F8EA-EA83-EC1FC447B2A7}.Debug|Any CPU.ActiveCfg = Debug|Any CPU
		{2808D92F-07BC-F8EA-EA83-EC1FC447B2A7}.Debug|Any CPU.Build.0 = Debug|Any CPU
		{2808D92F-07BC-F8EA-EA83-EC1FC447B2A7}.Release|Any CPU.ActiveCfg = Release|Any CPU
		{2808D92F-07BC-F8EA-EA83-EC1FC447B2A7}.Release|Any CPU.Build.0 = Release|Any CPU
		{00468225-EE80-9C68-913D-AFFD342850CF}.Debug|Any CPU.ActiveCfg = Debug|Any CPU
		{00468225-EE80-9C68-913D-AFFD342850CF}.Debug|Any CPU.Build.0 = Debug|Any CPU
		{00468225-EE80-9C68-913D-AFFD342850CF}.Release|Any CPU.ActiveCfg = Release|Any CPU
		{00468225-EE80-9C68-913D-AFFD342850CF}.Release|Any CPU.Build.0 = Release|Any CPU
		{4058FCB8-7DD3-50C2-67A2-8157EB3A8F87}.Debug|Any CPU.ActiveCfg = Debug|Any CPU
		{4058FCB8-7DD3-50C2-67A2-8157EB3A8F87}.Debug|Any CPU.Build.0 = Debug|Any CPU
		{4058FCB8-7DD3-50C2-67A2-8157EB3A8F87}.Release|Any CPU.ActiveCfg = Release|Any CPU
		{4058FCB8-7DD3-50C2-67A2-8157EB3A8F87}.Release|Any CPU.Build.0 = Release|Any CPU
		{9F6E1186-0D55-C060-3600-8A56BF319489}.Debug|Any CPU.ActiveCfg = Debug|Any CPU
		{9F6E1186-0D55-C060-3600-8A56BF319489}.Debug|Any CPU.Build.0 = Debug|Any CPU
		{9F6E1186-0D55-C060-3600-8A56BF319489}.Release|Any CPU.ActiveCfg = Release|Any CPU
		{9F6E1186-0D55-C060-3600-8A56BF319489}.Release|Any CPU.Build.0 = Release|Any CPU
		{EF147589-820C-1033-8239-632AB11CD9F4}.Debug|Any CPU.ActiveCfg = Debug|Any CPU
		{EF147589-820C-1033-8239-632AB11CD9F4}.Debug|Any CPU.Build.0 = Debug|Any CPU
		{EF147589-820C-1033-8239-632AB11CD9F4}.Release|Any CPU.ActiveCfg = Release|Any CPU
		{EF147589-820C-1033-8239-632AB11CD9F4}.Release|Any CPU.Build.0 = Release|Any CPU
		{E167B5B9-8DB2-9CF6-F693-0A9D76C9E4A1}.Debug|Any CPU.ActiveCfg = Debug|Any CPU
		{E167B5B9-8DB2-9CF6-F693-0A9D76C9E4A1}.Debug|Any CPU.Build.0 = Debug|Any CPU
		{E167B5B9-8DB2-9CF6-F693-0A9D76C9E4A1}.Release|Any CPU.ActiveCfg = Release|Any CPU
		{E167B5B9-8DB2-9CF6-F693-0A9D76C9E4A1}.Release|Any CPU.Build.0 = Release|Any CPU
		{FBDAD263-8E49-6BF8-102D-DE0FFADB6CE0}.Debug|Any CPU.ActiveCfg = Debug|Any CPU
		{FBDAD263-8E49-6BF8-102D-DE0FFADB6CE0}.Debug|Any CPU.Build.0 = Debug|Any CPU
		{FBDAD263-8E49-6BF8-102D-DE0FFADB6CE0}.Release|Any CPU.ActiveCfg = Release|Any CPU
		{FBDAD263-8E49-6BF8-102D-DE0FFADB6CE0}.Release|Any CPU.Build.0 = Release|Any CPU
		{D3F6623C-5181-B91C-F6F6-7D3DC1757820}.Debug|Any CPU.ActiveCfg = Debug|Any CPU
		{D3F6623C-5181-B91C-F6F6-7D3DC1757820}.Debug|Any CPU.Build.0 = Debug|Any CPU
		{D3F6623C-5181-B91C-F6F6-7D3DC1757820}.Release|Any CPU.ActiveCfg = Release|Any CPU
		{D3F6623C-5181-B91C-F6F6-7D3DC1757820}.Release|Any CPU.Build.0 = Release|Any CPU
		{862FA8C1-FC73-8E7E-1184-209C2409FC1F}.Debug|Any CPU.ActiveCfg = Debug|Any CPU
		{862FA8C1-FC73-8E7E-1184-209C2409FC1F}.Debug|Any CPU.Build.0 = Debug|Any CPU
		{862FA8C1-FC73-8E7E-1184-209C2409FC1F}.Release|Any CPU.ActiveCfg = Release|Any CPU
		{862FA8C1-FC73-8E7E-1184-209C2409FC1F}.Release|Any CPU.Build.0 = Release|Any CPU
		{38FBEFE7-F9D4-432D-E3F2-965952DF8CDE}.Debug|Any CPU.ActiveCfg = Debug|Any CPU
		{38FBEFE7-F9D4-432D-E3F2-965952DF8CDE}.Debug|Any CPU.Build.0 = Debug|Any CPU
		{38FBEFE7-F9D4-432D-E3F2-965952DF8CDE}.Release|Any CPU.ActiveCfg = Release|Any CPU
		{38FBEFE7-F9D4-432D-E3F2-965952DF8CDE}.Release|Any CPU.Build.0 = Release|Any CPU
		{4FA55054-F362-80A2-6F17-693741D29526}.Debug|Any CPU.ActiveCfg = Debug|Any CPU
		{4FA55054-F362-80A2-6F17-693741D29526}.Debug|Any CPU.Build.0 = Debug|Any CPU
		{4FA55054-F362-80A2-6F17-693741D29526}.Release|Any CPU.ActiveCfg = Release|Any CPU
		{4FA55054-F362-80A2-6F17-693741D29526}.Release|Any CPU.Build.0 = Release|Any CPU
	EndGlobalSection
	GlobalSection(SolutionProperties) = preSolution
		HideSolutionNode = FALSE
	EndGlobalSection
EndGlobal
